
Microsoft Visual Studio Solution File, Format Version 12.00
# Visual Studio Version 17
VisualStudioVersion = 17.14.36518.9
MinimumVisualStudioVersion = 10.0.40219.1
Project("{2150E333-8FDC-42A3-9474-1A3956D46DE8}") = "Microservices", "Microservices", "{02EA681E-C7D8-13C7-8484-4AC65E1B71E8}"
EndProject
Project("{2150E333-8FDC-42A3-9474-1A3956D46DE8}") = "Common", "Common", "{F2724324-38AF-415B-A70A-F6A2C8790A57}"
EndProject
Project("{2150E333-8FDC-42A3-9474-1A3956D46DE8}") = "Order", "Order", "{4221FF68-BE87-457A-8336-4E2315EC32CB}"
EndProject
Project("{2150E333-8FDC-42A3-9474-1A3956D46DE8}") = "Shipping", "Shipping", "{4EE0C365-C07D-4AE9-9D42-9CC7C9802C5B}"
EndProject
Project("{FAE04EC0-301F-11D3-BF4B-00C04F79EFBC}") = "Order.Infrastructure", "Microservices\Order\Order.Infrastructure\Order.Infrastructure.csproj", "{4ABB94E0-1BCF-4522-939E-101C5368FB83}"
EndProject
Project("{FAE04EC0-301F-11D3-BF4B-00C04F79EFBC}") = "Shipping.Infrastructure", "Microservices\Shipping\Shipping.Infrastructure\Shipping.Infrastructure.csproj", "{18750162-57AA-4E4B-AEAF-BC638ECCCBF0}"
EndProject
Project("{FAE04EC0-301F-11D3-BF4B-00C04F79EFBC}") = "Common.CoreEntity", "Common\Common.CoreEntity\Common.CoreEntity.csproj", "{259CB55A-1FA7-418C-A12C-5CA65E1762B3}"
EndProject
Project("{FAE04EC0-301F-11D3-BF4B-00C04F79EFBC}") = "Order.Services", "Microservices\Order\Order.Services\Order.Services.csproj", "{33662705-9074-42B3-B572-9BBDEE329D5A}"
EndProject
Project("{FAE04EC0-301F-11D3-BF4B-00C04F79EFBC}") = "Order.API", "Microservices\Order\Order.API\Order.API.csproj", "{14AAC3BC-C3C7-4491-9DF4-FE921A8A2F7C}"
EndProject
Project("{FAE04EC0-301F-11D3-BF4B-00C04F79EFBC}") = "Shipping.Services", "Microservices\Shipping\Shipping.Services\Shipping.Services.csproj", "{893FE726-E656-400E-961E-20DBBC72843E}"
EndProject
Project("{FAE04EC0-301F-11D3-BF4B-00C04F79EFBC}") = "Shipping.API", "Microservices\Shipping\Shipping.API\Shipping.API.csproj", "{5DD2918D-83D8-4F10-B9C9-DFF54C84051F}"
EndProject
Project("{2150E333-8FDC-42A3-9474-1A3956D46DE8}") = "Identity", "Identity", "{C8E951B4-EEF7-4DBA-BDC4-015B553A492F}"
EndProject
Project("{FAE04EC0-301F-11D3-BF4B-00C04F79EFBC}") = "Identity.API", "Microservices\Identity\Identity.API\Identity.API.csproj", "{44C23946-0177-428C-A0B5-88F698637E5F}"
EndProject
Project("{FAE04EC0-301F-11D3-BF4B-00C04F79EFBC}") = "Common.Audit", "Common\Common.Audit\Common.Audit.csproj", "{8C1252D1-6E59-45CD-B8B6-AD4A5A4A7D9F}"
EndProject
Project("{2150E333-8FDC-42A3-9474-1A3956D46DE8}") = "Database", "Database", "{0FBDF94A-2FC7-4EFD-8026-A1701D32962A}"
EndProject
Project("{2150E333-8FDC-42A3-9474-1A3956D46DE8}") = "Functions", "Functions", "{993C42A3-866B-40DD-9EEA-E647113A1AA8}"
EndProject
Project("{FAE04EC0-301F-11D3-BF4B-00C04F79EFBC}") = "CommonFunctions", "Functions\CommonFunctions\CommonFunctions.csproj", "{641F4A84-E988-44A2-890D-7B84B7F3857C}"
EndProject
Project("{FAE04EC0-301F-11D3-BF4B-00C04F79EFBC}") = "Common.EventBus", "Common\Common.EventBus\Common.EventBus.csproj", "{A043AA49-7308-47BB-BD15-16984591F730}"
EndProject
Project("{FAE04EC0-301F-11D3-BF4B-00C04F79EFBC}") = "Common.RestApi", "Common\Common.RestApi\Common.RestApi.csproj", "{D20D3492-39CE-4D08-8169-0F5DB0C6F3AC}"
EndProject
Project("{2150E333-8FDC-42A3-9474-1A3956D46DE8}") = "Inventory", "Inventory", "{DB90F995-2BD1-4CB8-9282-664B30538B35}"
EndProject
Project("{FAE04EC0-301F-11D3-BF4B-00C04F79EFBC}") = "Inventory.API", "Microservices\Inventory\Inventory.API\Inventory.API.csproj", "{EF636106-23DA-1717-319A-F3A47B8EDE8F}"
EndProject
Project("{FAE04EC0-301F-11D3-BF4B-00C04F79EFBC}") = "Inventory.Infrastructure", "Microservices\Inventory\Inventory.Infrastructure\Inventory.Infrastructure.csproj", "{04C7FF95-5F7E-52C3-1BF1-92BA4D217FC4}"
EndProject
Project("{FAE04EC0-301F-11D3-BF4B-00C04F79EFBC}") = "Inventory.Services", "Microservices\Inventory\Inventory.Services\Inventory.Services.csproj", "{3582B4D5-0268-9061-1F63-6A7F58121957}"
EndProject
Global
	GlobalSection(SolutionConfigurationPlatforms) = preSolution
		Debug|Any CPU = Debug|Any CPU
		Release|Any CPU = Release|Any CPU
	EndGlobalSection
	GlobalSection(ProjectConfigurationPlatforms) = postSolution
		{4ABB94E0-1BCF-4522-939E-101C5368FB83}.Debug|Any CPU.ActiveCfg = Debug|Any CPU
		{4ABB94E0-1BCF-4522-939E-101C5368FB83}.Debug|Any CPU.Build.0 = Debug|Any CPU
		{4ABB94E0-1BCF-4522-939E-101C5368FB83}.Release|Any CPU.ActiveCfg = Release|Any CPU
		{4ABB94E0-1BCF-4522-939E-101C5368FB83}.Release|Any CPU.Build.0 = Release|Any CPU
		{18750162-57AA-4E4B-AEAF-BC638ECCCBF0}.Debug|Any CPU.ActiveCfg = Debug|Any CPU
		{18750162-57AA-4E4B-AEAF-BC638ECCCBF0}.Debug|Any CPU.Build.0 = Debug|Any CPU
		{18750162-57AA-4E4B-AEAF-BC638ECCCBF0}.Release|Any CPU.ActiveCfg = Release|Any CPU
		{18750162-57AA-4E4B-AEAF-BC638ECCCBF0}.Release|Any CPU.Build.0 = Release|Any CPU
		{259CB55A-1FA7-418C-A12C-5CA65E1762B3}.Debug|Any CPU.ActiveCfg = Debug|Any CPU
		{259CB55A-1FA7-418C-A12C-5CA65E1762B3}.Debug|Any CPU.Build.0 = Debug|Any CPU
		{259CB55A-1FA7-418C-A12C-5CA65E1762B3}.Release|Any CPU.ActiveCfg = Release|Any CPU
		{259CB55A-1FA7-418C-A12C-5CA65E1762B3}.Release|Any CPU.Build.0 = Release|Any CPU
		{33662705-9074-42B3-B572-9BBDEE329D5A}.Debug|Any CPU.ActiveCfg = Debug|Any CPU
		{33662705-9074-42B3-B572-9BBDEE329D5A}.Debug|Any CPU.Build.0 = Debug|Any CPU
		{33662705-9074-42B3-B572-9BBDEE329D5A}.Release|Any CPU.ActiveCfg = Release|Any CPU
		{33662705-9074-42B3-B572-9BBDEE329D5A}.Release|Any CPU.Build.0 = Release|Any CPU
		{14AAC3BC-C3C7-4491-9DF4-FE921A8A2F7C}.Debug|Any CPU.ActiveCfg = Debug|Any CPU
		{14AAC3BC-C3C7-4491-9DF4-FE921A8A2F7C}.Debug|Any CPU.Build.0 = Debug|Any CPU
		{14AAC3BC-C3C7-4491-9DF4-FE921A8A2F7C}.Release|Any CPU.ActiveCfg = Release|Any CPU
		{14AAC3BC-C3C7-4491-9DF4-FE921A8A2F7C}.Release|Any CPU.Build.0 = Release|Any CPU
		{893FE726-E656-400E-961E-20DBBC72843E}.Debug|Any CPU.ActiveCfg = Debug|Any CPU
		{893FE726-E656-400E-961E-20DBBC72843E}.Debug|Any CPU.Build.0 = Debug|Any CPU
		{893FE726-E656-400E-961E-20DBBC72843E}.Release|Any CPU.ActiveCfg = Release|Any CPU
		{893FE726-E656-400E-961E-20DBBC72843E}.Release|Any CPU.Build.0 = Release|Any CPU
		{5DD2918D-83D8-4F10-B9C9-DFF54C84051F}.Debug|Any CPU.ActiveCfg = Debug|Any CPU
		{5DD2918D-83D8-4F10-B9C9-DFF54C84051F}.Debug|Any CPU.Build.0 = Debug|Any CPU
		{5DD2918D-83D8-4F10-B9C9-DFF54C84051F}.Release|Any CPU.ActiveCfg = Release|Any CPU
		{5DD2918D-83D8-4F10-B9C9-DFF54C84051F}.Release|Any CPU.Build.0 = Release|Any CPU
		{44C23946-0177-428C-A0B5-88F698637E5F}.Debug|Any CPU.ActiveCfg = Debug|Any CPU
		{44C23946-0177-428C-A0B5-88F698637E5F}.Debug|Any CPU.Build.0 = Debug|Any CPU
		{44C23946-0177-428C-A0B5-88F698637E5F}.Release|Any CPU.ActiveCfg = Release|Any CPU
		{44C23946-0177-428C-A0B5-88F698637E5F}.Release|Any CPU.Build.0 = Release|Any CPU
		{8C1252D1-6E59-45CD-B8B6-AD4A5A4A7D9F}.Debug|Any CPU.ActiveCfg = Debug|Any CPU
		{8C1252D1-6E59-45CD-B8B6-AD4A5A4A7D9F}.Debug|Any CPU.Build.0 = Debug|Any CPU
		{8C1252D1-6E59-45CD-B8B6-AD4A5A4A7D9F}.Release|Any CPU.ActiveCfg = Release|Any CPU
		{8C1252D1-6E59-45CD-B8B6-AD4A5A4A7D9F}.Release|Any CPU.Build.0 = Release|Any CPU
		{641F4A84-E988-44A2-890D-7B84B7F3857C}.Debug|Any CPU.ActiveCfg = Debug|Any CPU
		{641F4A84-E988-44A2-890D-7B84B7F3857C}.Debug|Any CPU.Build.0 = Debug|Any CPU
		{641F4A84-E988-44A2-890D-7B84B7F3857C}.Release|Any CPU.ActiveCfg = Release|Any CPU
		{641F4A84-E988-44A2-890D-7B84B7F3857C}.Release|Any CPU.Build.0 = Release|Any CPU
		{A043AA49-7308-47BB-BD15-16984591F730}.Debug|Any CPU.ActiveCfg = Debug|Any CPU
		{A043AA49-7308-47BB-BD15-16984591F730}.Debug|Any CPU.Build.0 = Debug|Any CPU
		{A043AA49-7308-47BB-BD15-16984591F730}.Release|Any CPU.ActiveCfg = Release|Any CPU
		{A043AA49-7308-47BB-BD15-16984591F730}.Release|Any CPU.Build.0 = Release|Any CPU
		{D20D3492-39CE-4D08-8169-0F5DB0C6F3AC}.Debug|Any CPU.ActiveCfg = Debug|Any CPU
		{D20D3492-39CE-4D08-8169-0F5DB0C6F3AC}.Debug|Any CPU.Build.0 = Debug|Any CPU
		{D20D3492-39CE-4D08-8169-0F5DB0C6F3AC}.Release|Any CPU.ActiveCfg = Release|Any CPU
		{D20D3492-39CE-4D08-8169-0F5DB0C6F3AC}.Release|Any CPU.Build.0 = Release|Any CPU
		{EF636106-23DA-1717-319A-F3A47B8EDE8F}.Debug|Any CPU.ActiveCfg = Debug|Any CPU
		{EF636106-23DA-1717-319A-F3A47B8EDE8F}.Debug|Any CPU.Build.0 = Debug|Any CPU
		{EF636106-23DA-1717-319A-F3A47B8EDE8F}.Release|Any CPU.ActiveCfg = Release|Any CPU
		{EF636106-23DA-1717-319A-F3A47B8EDE8F}.Release|Any CPU.Build.0 = Release|Any CPU
		{04C7FF95-5F7E-52C3-1BF1-92BA4D217FC4}.Debug|Any CPU.ActiveCfg = Debug|Any CPU
		{04C7FF95-5F7E-52C3-1BF1-92BA4D217FC4}.Debug|Any CPU.Build.0 = Debug|Any CPU
		{04C7FF95-5F7E-52C3-1BF1-92BA4D217FC4}.Release|Any CPU.ActiveCfg = Release|Any CPU
		{04C7FF95-5F7E-52C3-1BF1-92BA4D217FC4}.Release|Any CPU.Build.0 = Release|Any CPU
		{3582B4D5-0268-9061-1F63-6A7F58121957}.Debug|Any CPU.ActiveCfg = Debug|Any CPU
		{3582B4D5-0268-9061-1F63-6A7F58121957}.Debug|Any CPU.Build.0 = Debug|Any CPU
		{3582B4D5-0268-9061-1F63-6A7F58121957}.Release|Any CPU.ActiveCfg = Release|Any CPU
		{3582B4D5-0268-9061-1F63-6A7F58121957}.Release|Any CPU.Build.0 = Release|Any CPU
	EndGlobalSection
	GlobalSection(SolutionProperties) = preSolution
		HideSolutionNode = FALSE
	EndGlobalSection
	GlobalSection(NestedProjects) = preSolution
		{4221FF68-BE87-457A-8336-4E2315EC32CB} = {02EA681E-C7D8-13C7-8484-4AC65E1B71E8}
		{4EE0C365-C07D-4AE9-9D42-9CC7C9802C5B} = {02EA681E-C7D8-13C7-8484-4AC65E1B71E8}
		{4ABB94E0-1BCF-4522-939E-101C5368FB83} = {4221FF68-BE87-457A-8336-4E2315EC32CB}
		{18750162-57AA-4E4B-AEAF-BC638ECCCBF0} = {4EE0C365-C07D-4AE9-9D42-9CC7C9802C5B}
		{259CB55A-1FA7-418C-A12C-5CA65E1762B3} = {F2724324-38AF-415B-A70A-F6A2C8790A57}
		{33662705-9074-42B3-B572-9BBDEE329D5A} = {4221FF68-BE87-457A-8336-4E2315EC32CB}
		{14AAC3BC-C3C7-4491-9DF4-FE921A8A2F7C} = {4221FF68-BE87-457A-8336-4E2315EC32CB}
		{893FE726-E656-400E-961E-20DBBC72843E} = {4EE0C365-C07D-4AE9-9D42-9CC7C9802C5B}
		{5DD2918D-83D8-4F10-B9C9-DFF54C84051F} = {4EE0C365-C07D-4AE9-9D42-9CC7C9802C5B}
		{C8E951B4-EEF7-4DBA-BDC4-015B553A492F} = {02EA681E-C7D8-13C7-8484-4AC65E1B71E8}
		{44C23946-0177-428C-A0B5-88F698637E5F} = {C8E951B4-EEF7-4DBA-BDC4-015B553A492F}
		{8C1252D1-6E59-45CD-B8B6-AD4A5A4A7D9F} = {F2724324-38AF-415B-A70A-F6A2C8790A57}
		{0FBDF94A-2FC7-4EFD-8026-A1701D32962A} = {02EA681E-C7D8-13C7-8484-4AC65E1B71E8}
		{641F4A84-E988-44A2-890D-7B84B7F3857C} = {993C42A3-866B-40DD-9EEA-E647113A1AA8}
		{A043AA49-7308-47BB-BD15-16984591F730} = {F2724324-38AF-415B-A70A-F6A2C8790A57}
		{D20D3492-39CE-4D08-8169-0F5DB0C6F3AC} = {F2724324-38AF-415B-A70A-F6A2C8790A57}
		{DB90F995-2BD1-4CB8-9282-664B30538B35} = {02EA681E-C7D8-13C7-8484-4AC65E1B71E8}
		{EF636106-23DA-1717-319A-F3A47B8EDE8F} = {DB90F995-2BD1-4CB8-9282-664B30538B35}
		{04C7FF95-5F7E-52C3-1BF1-92BA4D217FC4} = {DB90F995-2BD1-4CB8-9282-664B30538B35}
		{3582B4D5-0268-9061-1F63-6A7F58121957} = {DB90F995-2BD1-4CB8-9282-664B30538B35}
	EndGlobalSection
	GlobalSection(ExtensibilityGlobals) = postSolution
		SolutionGuid = {222EF8AF-7834-4BB9-9C6F-1ECDC5A15AA7}
	EndGlobalSection
EndGlobal
